
Microsoft Visual Studio Solution File, Format Version 12.00
# Visual Studio Version 17
VisualStudioVersion = 17.14.36623.8
MinimumVisualStudioVersion = 10.0.40219.1
Project("{FAE04EC0-301F-11D3-BF4B-00C04F79EFBC}") = "CS_project_MVC_Classwork_1B", "CS_project_MVC_Classwork_1B.csproj", "{F62F7355-0947-4D07-8C01-5EBE97924F2F}"
EndProject
Global
	GlobalSection(SolutionConfigurationPlatforms) = preSolution
		Debug|Any CPU = Debug|Any CPU
		Release|Any CPU = Release|Any CPU
	EndGlobalSection
	GlobalSection(ProjectConfigurationPlatforms) = postSolution
		{F62F7355-0947-4D07-8C01-5EBE97924F2F}.Debug|Any CPU.ActiveCfg = Debug|Any CPU
		{F62F7355-0947-4D07-8C01-5EBE97924F2F}.Debug|Any CPU.Build.0 = Debug|Any CPU
		{F62F7355-0947-4D07-8C01-5EBE97924F2F}.Release|Any CPU.ActiveCfg = Release|Any CPU
		{F62F7355-0947-4D07-8C01-5EBE97924F2F}.Release|Any CPU.Build.0 = Release|Any CPU
	EndGlobalSection
	GlobalSection(SolutionProperties) = preSolution
		HideSolutionNode = FALSE
	EndGlobalSection
	GlobalSection(ExtensibilityGlobals) = postSolution
		SolutionGuid = {6E577B25-C3B5-4DB3-9056-DBB138D425ED}
	EndGlobalSection
EndGlobal
